
Microsoft Visual Studio Solution File, Format Version 12.00
# Visual Studio 15
VisualStudioVersion = 15.0.28307.329
MinimumVisualStudioVersion = 10.0.40219.1
Project("{FAE04EC0-301F-11D3-BF4B-00C04F79EFBC}") = "omniflix", "omniflix\omniflix.csproj", "{1E21487B-F08C-44C3-9818-345491043AED}"
EndProject
Global
	GlobalSection(SolutionConfigurationPlatforms) = preSolution
		Debug|Any CPU = Debug|Any CPU
		Release|Any CPU = Release|Any CPU
	EndGlobalSection
	GlobalSection(ProjectConfigurationPlatforms) = postSolution
		{1E21487B-F08C-44C3-9818-345491043AED}.Debug|Any CPU.ActiveCfg = Debug|Any CPU
		{1E21487B-F08C-44C3-9818-345491043AED}.Debug|Any CPU.Build.0 = Debug|Any CPU
		{1E21487B-F08C-44C3-9818-345491043AED}.Release|Any CPU.ActiveCfg = Release|Any CPU
		{1E21487B-F08C-44C3-9818-345491043AED}.Release|Any CPU.Build.0 = Release|Any CPU
	EndGlobalSection
	GlobalSection(SolutionProperties) = preSolution
		HideSolutionNode = FALSE
	EndGlobalSection
	GlobalSection(ExtensibilityGlobals) = postSolution
		SolutionGuid = {536C7A5A-24CF-45F6-825E-72794EC25E71}
	EndGlobalSection
EndGlobal
